# This file is generated by running "yarn install" inside your project.
# Manual changes might be lost - proceed with caution!

__metadata:
  version: 6
  cacheKey: 8

"cpf-cnpj-validation@workspace:.":
  version: 0.0.0-use.local
  resolution: "cpf-cnpj-validation@workspace:."
  dependencies:
    dotenv: ^16.0.2
    gerador-validador-cpf: ^5.0.2
  languageName: unknown
  linkType: soft

"dotenv@npm:^16.0.2":
  version: 16.0.2
  resolution: "dotenv@npm:16.0.2"
  checksum: ca8f9ca2d67929c7771069f4c31b4e46b9932621009e658e5afd655dde2d69b77642bf36dbc9e72bc170523dfd908a9ee41c26f034c1fdc605ace3b1b4b10faf
  languageName: node
  linkType: hard

"gerador-validador-cpf@npm:^5.0.2":
  version: 5.0.2
  resolution: "gerador-validador-cpf@npm:5.0.2"
  checksum: 5885c4fe70a46638416118aaa3085cd6bf313b722ed993d82ff9c1c1c3ad4f732aa0539806695e5201bd4bdbb2160c9ced80f07c00355715a9132dc7417b702f
  languageName: node
  linkType: hard
