# This file is generated by running "yarn install" inside your project.
# Manual changes might be lost - proceed with caution!

__metadata:
  version: 6
  cacheKey: 8

"@hapi/address@npm:^4.0.1":
  version: 4.1.0
  resolution: "@hapi/address@npm:4.1.0"
  dependencies:
    "@hapi/hoek": ^9.0.0
  checksum: 01e8257c9428be2a2a0441b24dcab2396a6ca20f53799fd921035b45f9f62a6014f1a0dfaf2dd10912a8b0098a9ba53c3f0863a67e7acbadddeb3d2785591cfc
  languageName: node
  linkType: hard

"@hapi/formula@npm:^2.0.0":
  version: 2.0.0
  resolution: "@hapi/formula@npm:2.0.0"
  checksum: 902da057c53027d9356de15e53a8af9ea4795d3fb78c066668b36cfca54abd2d707860469618448e7de02eb8364ead86e53b839dbd363e1aeb65ee9a195e5fad
  languageName: node
  linkType: hard

"@hapi/hoek@npm:^9.0.0":
  version: 9.3.0
  resolution: "@hapi/hoek@npm:9.3.0"
  checksum: 4771c7a776242c3c022b168046af4e324d116a9d2e1d60631ee64f474c6e38d1bb07092d898bf95c7bc5d334c5582798a1456321b2e53ca817d4e7c88bc25b43
  languageName: node
  linkType: hard

"@hapi/joi@npm:^17.1.0":
  version: 17.1.1
  resolution: "@hapi/joi@npm:17.1.1"
  dependencies:
    "@hapi/address": ^4.0.1
    "@hapi/formula": ^2.0.0
    "@hapi/hoek": ^9.0.0
    "@hapi/pinpoint": ^2.0.0
    "@hapi/topo": ^5.0.0
  checksum: 803d77e19e26802860de22b8d1ae3435679844202703d20bfd6246a8c6aa00143ce48d0e8beecf55812334e8e89ac04b79301264d4a3f87c980eb0c0646b33ab
  languageName: node
  linkType: hard

"@hapi/pinpoint@npm:^2.0.0":
  version: 2.0.0
  resolution: "@hapi/pinpoint@npm:2.0.0"
  checksum: ed011c0af4eeab75f7ea2b4657f16a93e31d449a43b40a4f398e2f1a0752357af2badd7b3f3e2da9554cb9d13adb52bde123b250acef1709260954d0301eed16
  languageName: node
  linkType: hard

"@hapi/topo@npm:^5.0.0":
  version: 5.1.0
  resolution: "@hapi/topo@npm:5.1.0"
  dependencies:
    "@hapi/hoek": ^9.0.0
  checksum: 604dfd5dde76d5c334bd03f9001fce69c7ce529883acf92da96f4fe7e51221bf5e5110e964caca287a6a616ba027c071748ab636ff178ad750547fba611d6014
  languageName: node
  linkType: hard

"cpf-cnpj-validation@workspace:.":
  version: 0.0.0-use.local
  resolution: "cpf-cnpj-validation@workspace:."
  dependencies:
    cpf-cnpj-validator: ^1.0.3
    dotenv: ^16.0.2
    gerador-validador-cpf: ^5.0.2
  languageName: unknown
  linkType: soft

"cpf-cnpj-validator@npm:^1.0.3":
  version: 1.0.3
  resolution: "cpf-cnpj-validator@npm:1.0.3"
  dependencies:
    "@hapi/joi": ^17.1.0
  checksum: 040667269da25017475aebf425332c0442b9d394afba5608692f94259fb282d5da6f9a66a7247a6490b148bcce5b597690028682891b6981368c66f9fcc740da
  languageName: node
  linkType: hard

"dotenv@npm:^16.0.2":
  version: 16.0.2
  resolution: "dotenv@npm:16.0.2"
  checksum: ca8f9ca2d67929c7771069f4c31b4e46b9932621009e658e5afd655dde2d69b77642bf36dbc9e72bc170523dfd908a9ee41c26f034c1fdc605ace3b1b4b10faf
  languageName: node
  linkType: hard

"gerador-validador-cpf@npm:^5.0.2":
  version: 5.0.2
  resolution: "gerador-validador-cpf@npm:5.0.2"
  checksum: 5885c4fe70a46638416118aaa3085cd6bf313b722ed993d82ff9c1c1c3ad4f732aa0539806695e5201bd4bdbb2160c9ced80f07c00355715a9132dc7417b702f
  languageName: node
  linkType: hard
